
Microsoft Visual Studio Solution File, Format Version 12.00
# Visual Studio Version 16
VisualStudioVersion = 16.0.32106.194
MinimumVisualStudioVersion = 10.0.40219.1
Project("{FAE04EC0-301F-11D3-BF4B-00C04F79EFBC}") = "Lesson7", "Lesson7\Lesson7.csproj", "{4C94E69C-DE3B-415E-BAC9-8F8517E30A53}"
EndProject
Global
	GlobalSection(SolutionConfigurationPlatforms) = preSolution
		Debug|Any CPU = Debug|Any CPU
		Release|Any CPU = Release|Any CPU
	EndGlobalSection
	GlobalSection(ProjectConfigurationPlatforms) = postSolution
		{4C94E69C-DE3B-415E-BAC9-8F8517E30A53}.Debug|Any CPU.ActiveCfg = Debug|Any CPU
		{4C94E69C-DE3B-415E-BAC9-8F8517E30A53}.Debug|Any CPU.Build.0 = Debug|Any CPU
		{4C94E69C-DE3B-415E-BAC9-8F8517E30A53}.Release|Any CPU.ActiveCfg = Release|Any CPU
		{4C94E69C-DE3B-415E-BAC9-8F8517E30A53}.Release|Any CPU.Build.0 = Release|Any CPU
	EndGlobalSection
	GlobalSection(SolutionProperties) = preSolution
		HideSolutionNode = FALSE
	EndGlobalSection
	GlobalSection(ExtensibilityGlobals) = postSolution
		SolutionGuid = {9B427DD7-E503-4DD9-BB74-C93122CCD9C5}
	EndGlobalSection
EndGlobal
